# Generated by buf. DO NOT EDIT.
version: v1
deps:
  - remote: buf.build
    owner: googleapis
    repository: googleapis
    branch: main
    commit: ca45b9d9c51849e898845743a28b0eb0
    digest: b1--B2JdvzLV2KI5pYMG9AHJHFGznqXfZKjKwcqBuXhGgw=
    create_time: 2021-10-14T15:09:30.598677Z
  - remote: buf.build
    owner: grpc-ecosystem
    repository: grpc-gateway
    branch: main
    commit: 462ede5f3dee45569df6317bda220b1b
    digest: b1-4FNKWjnS2yafyeOdqW8u-s7w1pJBHjz0Z6CbOL-Ipk0=
    create_time: 2021-10-14T01:55:03.476639Z
